// !$*UTF8*$!
{
	archiveVersion = 1;
	classes = {
	};
	objectVersion = 50;
	objects = {

/* Begin PBXBuildFile section */
		D7BD30B1260927D1004CB6CF /* AppDelegate.swift in Sources */ = {isa = PBXBuildFile; fileRef = D7BD30B0260927D1004CB6CF /* AppDelegate.swift */; };
		D7BD30B5260927D1004CB6CF /* ViewController.swift in Sources */ = {isa = PBXBuildFile; fileRef = D7BD30B4260927D1004CB6CF /* ViewController.swift */; };
		D7BD30B8260927D1004CB6CF /* Main.storyboard in Resources */ = {isa = PBXBuildFile; fileRef = D7BD30B6260927D1004CB6CF /* Main.storyboard */; };
		D7BD30BA260927D3004CB6CF /* Assets.xcassets in Resources */ = {isa = PBXBuildFile; fileRef = D7BD30B9260927D3004CB6CF /* Assets.xcassets */; };
		D7BD30BD260927D3004CB6CF /* LaunchScreen.storyboard in Resources */ = {isa = PBXBuildFile; fileRef = D7BD30BB260927D3004CB6CF /* LaunchScreen.storyboard */; };
		D7ED5E5C26092B1500D8A69E /* Splash.storyboard in Resources */ = {isa = PBXBuildFile; fileRef = D7ED5E5426092B1500D8A69E /* Splash.storyboard */; };
		D7ED5E5D26092B1500D8A69E /* SplashPresenter.swift in Sources */ = {isa = PBXBuildFile; fileRef = D7ED5E5526092B1500D8A69E /* SplashPresenter.swift */; };
		D7ED5E5E26092B1500D8A69E /* SplashWorker.swift in Sources */ = {isa = PBXBuildFile; fileRef = D7ED5E5626092B1500D8A69E /* SplashWorker.swift */; };
		D7ED5E5F26092B1500D8A69E /* SplashRouter.swift in Sources */ = {isa = PBXBuildFile; fileRef = D7ED5E5726092B1500D8A69E /* SplashRouter.swift */; };
		D7ED5E6026092B1500D8A69E /* SplashModels.swift in Sources */ = {isa = PBXBuildFile; fileRef = D7ED5E5826092B1500D8A69E /* SplashModels.swift */; };
		D7ED5E6126092B1500D8A69E /* SplashViewController.swift in Sources */ = {isa = PBXBuildFile; fileRef = D7ED5E5926092B1500D8A69E /* SplashViewController.swift */; };
		D7ED5E6226092B1500D8A69E /* SplashInteractor.swift in Sources */ = {isa = PBXBuildFile; fileRef = D7ED5E5A26092B1500D8A69E /* SplashInteractor.swift */; };
		D7ED5E6326092B1500D8A69E /* SplashConfigurator.swift in Sources */ = {isa = PBXBuildFile; fileRef = D7ED5E5B26092B1500D8A69E /* SplashConfigurator.swift */; };
/* End PBXBuildFile section */

/* Begin PBXFileReference section */
		D7BD30AD260927D1004CB6CF /* TestGit.app */ = {isa = PBXFileReference; explicitFileType = wrapper.application; includeInIndex = 0; path = TestGit.app; sourceTree = BUILT_PRODUCTS_DIR; };
		D7BD30B0260927D1004CB6CF /* AppDelegate.swift */ = {isa = PBXFileReference; lastKnownFileType = sourcecode.swift; path = AppDelegate.swift; sourceTree = "<group>"; };
		D7BD30B4260927D1004CB6CF /* ViewController.swift */ = {isa = PBXFileReference; lastKnownFileType = sourcecode.swift; path = ViewController.swift; sourceTree = "<group>"; };
		D7BD30B7260927D1004CB6CF /* Base */ = {isa = PBXFileReference; lastKnownFileType = file.storyboard; name = Base; path = Base.lproj/Main.storyboard; sourceTree = "<group>"; };
		D7BD30B9260927D3004CB6CF /* Assets.xcassets */ = {isa = PBXFileReference; lastKnownFileType = folder.assetcatalog; path = Assets.xcassets; sourceTree = "<group>"; };
		D7BD30BC260927D3004CB6CF /* Base */ = {isa = PBXFileReference; lastKnownFileType = file.storyboard; name = Base; path = Base.lproj/LaunchScreen.storyboard; sourceTree = "<group>"; };
		D7BD30BE260927D3004CB6CF /* Info.plist */ = {isa = PBXFileReference; lastKnownFileType = text.plist.xml; path = Info.plist; sourceTree = "<group>"; };
		D7ED5E5426092B1500D8A69E /* Splash.storyboard */ = {isa = PBXFileReference; lastKnownFileType = file.storyboard; path = Splash.storyboard; sourceTree = "<group>"; };
		D7ED5E5526092B1500D8A69E /* SplashPresenter.swift */ = {isa = PBXFileReference; lastKnownFileType = sourcecode.swift; path = SplashPresenter.swift; sourceTree = "<group>"; };
		D7ED5E5626092B1500D8A69E /* SplashWorker.swift */ = {isa = PBXFileReference; lastKnownFileType = sourcecode.swift; path = SplashWorker.swift; sourceTree = "<group>"; };
		D7ED5E5726092B1500D8A69E /* SplashRouter.swift */ = {isa = PBXFileReference; lastKnownFileType = sourcecode.swift; path = SplashRouter.swift; sourceTree = "<group>"; };
		D7ED5E5826092B1500D8A69E /* SplashModels.swift */ = {isa = PBXFileReference; lastKnownFileType = sourcecode.swift; path = SplashModels.swift; sourceTree = "<group>"; };
		D7ED5E5926092B1500D8A69E /* SplashViewController.swift */ = {isa = PBXFileReference; lastKnownFileType = sourcecode.swift; path = SplashViewController.swift; sourceTree = "<group>"; };
		D7ED5E5A26092B1500D8A69E /* SplashInteractor.swift */ = {isa = PBXFileReference; lastKnownFileType = sourcecode.swift; path = SplashInteractor.swift; sourceTree = "<group>"; };
		D7ED5E5B26092B1500D8A69E /* SplashConfigurator.swift */ = {isa = PBXFileReference; lastKnownFileType = sourcecode.swift; path = SplashConfigurator.swift; sourceTree = "<group>"; };
/* End PBXFileReference section */

/* Begin PBXFrameworksBuildPhase section */
		D7BD30AA260927D1004CB6CF /* Frameworks */ = {
			isa = PBXFrameworksBuildPhase;
			buildActionMask = 2147483647;
			files = (
			);
			runOnlyForDeploymentPostprocessing = 0;
		};
/* End PBXFrameworksBuildPhase section */

/* Begin PBXGroup section */
		D7BD30A4260927D1004CB6CF = {
			isa = PBXGroup;
			children = (
				D7BD30AF260927D1004CB6CF /* TestGit */,
				D7BD30AE260927D1004CB6CF /* Products */,
			);
			sourceTree = "<group>";
		};
		D7BD30AE260927D1004CB6CF /* Products */ = {
			isa = PBXGroup;
			children = (
				D7BD30AD260927D1004CB6CF /* TestGit.app */,
			);
			name = Products;
			sourceTree = "<group>";
		};
		D7BD30AF260927D1004CB6CF /* TestGit */ = {
			isa = PBXGroup;
			children = (
				D7ED5E4D2609295500D8A69E /* Application */,
				D7ED5E502609297F00D8A69E /* Modules */,
				D7BD30B4260927D1004CB6CF /* ViewController.swift */,
				D7BD30B6260927D1004CB6CF /* Main.storyboard */,
			);
			path = TestGit;
			sourceTree = "<group>";
		};
		D7ED5E4D2609295500D8A69E /* Application */ = {
			isa = PBXGroup;
			children = (
				D7BD30B0260927D1004CB6CF /* AppDelegate.swift */,
				D7BD30B9260927D3004CB6CF /* Assets.xcassets */,
				D7BD30BB260927D3004CB6CF /* LaunchScreen.storyboard */,
				D7BD30BE260927D3004CB6CF /* Info.plist */,
			);
			path = Application;
			sourceTree = "<group>";
		};
		D7ED5E502609297F00D8A69E /* Modules */ = {
			isa = PBXGroup;
			children = (
				D7ED5E5326092B0200D8A69E /* Splash */,
			);
			path = Modules;
			sourceTree = "<group>";
		};
		D7ED5E5326092B0200D8A69E /* Splash */ = {
			isa = PBXGroup;
			children = (
				D7ED5E5426092B1500D8A69E /* Splash.storyboard */,
				D7ED5E5926092B1500D8A69E /* SplashViewController.swift */,
				D7ED5E5A26092B1500D8A69E /* SplashInteractor.swift */,
				D7ED5E5526092B1500D8A69E /* SplashPresenter.swift */,
				D7ED5E5626092B1500D8A69E /* SplashWorker.swift */,
				D7ED5E5726092B1500D8A69E /* SplashRouter.swift */,
				D7ED5E5826092B1500D8A69E /* SplashModels.swift */,
				D7ED5E5B26092B1500D8A69E /* SplashConfigurator.swift */,
			);
			path = Splash;
			sourceTree = "<group>";
		};
/* End PBXGroup section */

/* Begin PBXNativeTarget section */
		D7BD30AC260927D1004CB6CF /* TestGit */ = {
			isa = PBXNativeTarget;
			buildConfigurationList = D7BD30C1260927D3004CB6CF /* Build configuration list for PBXNativeTarget "TestGit" */;
			buildPhases = (
				D7BD30A9260927D1004CB6CF /* Sources */,
				D7BD30AA260927D1004CB6CF /* Frameworks */,
				D7BD30AB260927D1004CB6CF /* Resources */,
			);
			buildRules = (
			);
			dependencies = (
			);
			name = TestGit;
			productName = TestGit;
			productReference = D7BD30AD260927D1004CB6CF /* TestGit.app */;
			productType = "com.apple.product-type.application";
		};
/* End PBXNativeTarget section */

/* Begin PBXProject section */
		D7BD30A5260927D1004CB6CF /* Project object */ = {
			isa = PBXProject;
			attributes = {
				LastSwiftUpdateCheck = 1240;
				LastUpgradeCheck = 1240;
				TargetAttributes = {
					D7BD30AC260927D1004CB6CF = {
						CreatedOnToolsVersion = 12.4;
					};
				};
			};
			buildConfigurationList = D7BD30A8260927D1004CB6CF /* Build configuration list for PBXProject "TestGit" */;
			compatibilityVersion = "Xcode 9.3";
			developmentRegion = en;
			hasScannedForEncodings = 0;
			knownRegions = (
				en,
				Base,
			);
			mainGroup = D7BD30A4260927D1004CB6CF;
			productRefGroup = D7BD30AE260927D1004CB6CF /* Products */;
			projectDirPath = "";
			projectRoot = "";
			targets = (
				D7BD30AC260927D1004CB6CF /* TestGit */,
			);
		};
/* End PBXProject section */

/* Begin PBXResourcesBuildPhase section */
		D7BD30AB260927D1004CB6CF /* Resources */ = {
			isa = PBXResourcesBuildPhase;
			buildActionMask = 2147483647;
			files = (
				D7BD30BD260927D3004CB6CF /* LaunchScreen.storyboard in Resources */,
				D7BD30BA260927D3004CB6CF /* Assets.xcassets in Resources */,
				D7BD30B8260927D1004CB6CF /* Main.storyboard in Resources */,
				D7ED5E5C26092B1500D8A69E /* Splash.storyboard in Resources */,
			);
			runOnlyForDeploymentPostprocessing = 0;
		};
/* End PBXResourcesBuildPhase section */

/* Begin PBXSourcesBuildPhase section */
		D7BD30A9260927D1004CB6CF /* Sources */ = {
			isa = PBXSourcesBuildPhase;
			buildActionMask = 2147483647;
			files = (
				D7ED5E6026092B1500D8A69E /* SplashModels.swift in Sources */,
				D7ED5E5F26092B1500D8A69E /* SplashRouter.swift in Sources */,
				D7BD30B5260927D1004CB6CF /* ViewController.swift in Sources */,
				D7BD30B1260927D1004CB6CF /* AppDelegate.swift in Sources */,
				D7ED5E5E26092B1500D8A69E /* SplashWorker.swift in Sources */,
				D7ED5E6126092B1500D8A69E /* SplashViewController.swift in Sources */,
				D7ED5E5D26092B1500D8A69E /* SplashPresenter.swift in Sources */,
				D7ED5E6326092B1500D8A69E /* SplashConfigurator.swift in Sources */,
				D7ED5E6226092B1500D8A69E /* SplashInteractor.swift in Sources */,
			);
			runOnlyForDeploymentPostprocessing = 0;
		};
/* End PBXSourcesBuildPhase section */

/* Begin PBXVariantGroup section */
		D7BD30B6260927D1004CB6CF /* Main.storyboard */ = {
			isa = PBXVariantGroup;
			children = (
				D7BD30B7260927D1004CB6CF /* Base */,
			);
			name = Main.storyboard;
			sourceTree = "<group>";
		};
		D7BD30BB260927D3004CB6CF /* LaunchScreen.storyboard */ = {
			isa = PBXVariantGroup;
			children = (
				D7BD30BC260927D3004CB6CF /* Base */,
			);
			name = LaunchScreen.storyboard;
			sourceTree = "<group>";
		};
/* End PBXVariantGroup section */

/* Begin XCBuildConfiguration section */
		D7BD30BF260927D3004CB6CF /* Debug */ = {
			isa = XCBuildConfiguration;
			buildSettings = {
				ALWAYS_SEARCH_USER_PATHS = NO;
				CLANG_ANALYZER_NONNULL = YES;
				CLANG_ANALYZER_NUMBER_OBJECT_CONVERSION = YES_AGGRESSIVE;
				CLANG_CXX_LANGUAGE_STANDARD = "gnu++14";
				CLANG_CXX_LIBRARY = "libc++";
				CLANG_ENABLE_MODULES = YES;
				CLANG_ENABLE_OBJC_ARC = YES;
				CLANG_ENABLE_OBJC_WEAK = YES;
				CLANG_WARN_BLOCK_CAPTURE_AUTORELEASING = YES;
				CLANG_WARN_BOOL_CONVERSION = YES;
				CLANG_WARN_COMMA = YES;
				CLANG_WARN_CONSTANT_CONVERSION = YES;
				CLANG_WARN_DEPRECATED_OBJC_IMPLEMENTATIONS = YES;
				CLANG_WARN_DIRECT_OBJC_ISA_USAGE = YES_ERROR;
				CLANG_WARN_DOCUMENTATION_COMMENTS = YES;
				CLANG_WARN_EMPTY_BODY = YES;
				CLANG_WARN_ENUM_CONVERSION = YES;
				CLANG_WARN_INFINITE_RECURSION = YES;
				CLANG_WARN_INT_CONVERSION = YES;
				CLANG_WARN_NON_LITERAL_NULL_CONVERSION = YES;
				CLANG_WARN_OBJC_IMPLICIT_RETAIN_SELF = YES;
				CLANG_WARN_OBJC_LITERAL_CONVERSION = YES;
				CLANG_WARN_OBJC_ROOT_CLASS = YES_ERROR;
				CLANG_WARN_QUOTED_INCLUDE_IN_FRAMEWORK_HEADER = YES;
				CLANG_WARN_RANGE_LOOP_ANALYSIS = YES;
				CLANG_WARN_STRICT_PROTOTYPES = YES;
				CLANG_WARN_SUSPICIOUS_MOVE = YES;
				CLANG_WARN_UNGUARDED_AVAILABILITY = YES_AGGRESSIVE;
				CLANG_WARN_UNREACHABLE_CODE = YES;
				CLANG_WARN__DUPLICATE_METHOD_MATCH = YES;
				COPY_PHASE_STRIP = NO;
				DEBUG_INFORMATION_FORMAT = dwarf;
				ENABLE_STRICT_OBJC_MSGSEND = YES;
				ENABLE_TESTABILITY = YES;
				GCC_C_LANGUAGE_STANDARD = gnu11;
				GCC_DYNAMIC_NO_PIC = NO;
				GCC_NO_COMMON_BLOCKS = YES;
				GCC_OPTIMIZATION_LEVEL = 0;
				GCC_PREPROCESSOR_DEFINITIONS = (
					"DEBUG=1",
					"$(inherited)",
				);
				GCC_WARN_64_TO_32_BIT_CONVERSION = YES;
				GCC_WARN_ABOUT_RETURN_TYPE = YES_ERROR;
				GCC_WARN_UNDECLARED_SELECTOR = YES;
				GCC_WARN_UNINITIALIZED_AUTOS = YES_AGGRESSIVE;
				GCC_WARN_UNUSED_FUNCTION = YES;
				GCC_WARN_UNUSED_VARIABLE = YES;
				IPHONEOS_DEPLOYMENT_TARGET = 14.4;
				MTL_ENABLE_DEBUG_INFO = INCLUDE_SOURCE;
				MTL_FAST_MATH = YES;
				ONLY_ACTIVE_ARCH = YES;
				SDKROOT = iphoneos;
				SWIFT_ACTIVE_COMPILATION_CONDITIONS = DEBUG;
				SWIFT_OPTIMIZATION_LEVEL = "-Onone";
			};
			name = Debug;
		};
		D7BD30C0260927D3004CB6CF /* Release */ = {
			isa = XCBuildConfiguration;
			buildSettings = {
				ALWAYS_SEARCH_USER_PATHS = NO;
				CLANG_ANALYZER_NONNULL = YES;
				CLANG_ANALYZER_NUMBER_OBJECT_CONVERSION = YES_AGGRESSIVE;
				CLANG_CXX_LANGUAGE_STANDARD = "gnu++14";
				CLANG_CXX_LIBRARY = "libc++";
				CLANG_ENABLE_MODULES = YES;
				CLANG_ENABLE_OBJC_ARC = YES;
				CLANG_ENABLE_OBJC_WEAK = YES;
				CLANG_WARN_BLOCK_CAPTURE_AUTORELEASING = YES;
				CLANG_WARN_BOOL_CONVERSION = YES;
				CLANG_WARN_COMMA = YES;
				CLANG_WARN_CONSTANT_CONVERSION = YES;
				CLANG_WARN_DEPRECATED_OBJC_IMPLEMENTATIONS = YES;
				CLANG_WARN_DIRECT_OBJC_ISA_USAGE = YES_ERROR;
				CLANG_WARN_DOCUMENTATION_COMMENTS = YES;
				CLANG_WARN_EMPTY_BODY = YES;
				CLANG_WARN_ENUM_CONVERSION = YES;
				CLANG_WARN_INFINITE_RECURSION = YES;
				CLANG_WARN_INT_CONVERSION = YES;
				CLANG_WARN_NON_LITERAL_NULL_CONVERSION = YES;
				CLANG_WARN_OBJC_IMPLICIT_RETAIN_SELF = YES;
				CLANG_WARN_OBJC_LITERAL_CONVERSION = YES;
				CLANG_WARN_OBJC_ROOT_CLASS = YES_ERROR;
				CLANG_WARN_QUOTED_INCLUDE_IN_FRAMEWORK_HEADER = YES;
				CLANG_WARN_RANGE_LOOP_ANALYSIS = YES;
				CLANG_WARN_STRICT_PROTOTYPES = YES;
				CLANG_WARN_SUSPICIOUS_MOVE = YES;
				CLANG_WARN_UNGUARDED_AVAILABILITY = YES_AGGRESSIVE;
				CLANG_WARN_UNREACHABLE_CODE = YES;
				CLANG_WARN__DUPLICATE_METHOD_MATCH = YES;
				COPY_PHASE_STRIP = NO;
				DEBUG_INFORMATION_FORMAT = "dwarf-with-dsym";
				ENABLE_NS_ASSERTIONS = NO;
				ENABLE_STRICT_OBJC_MSGSEND = YES;
				GCC_C_LANGUAGE_STANDARD = gnu11;
				GCC_NO_COMMON_BLOCKS = YES;
				GCC_WARN_64_TO_32_BIT_CONVERSION = YES;
				GCC_WARN_ABOUT_RETURN_TYPE = YES_ERROR;
				GCC_WARN_UNDECLARED_SELECTOR = YES;
				GCC_WARN_UNINITIALIZED_AUTOS = YES_AGGRESSIVE;
				GCC_WARN_UNUSED_FUNCTION = YES;
				GCC_WARN_UNUSED_VARIABLE = YES;
				IPHONEOS_DEPLOYMENT_TARGET = 14.4;
				MTL_ENABLE_DEBUG_INFO = NO;
				MTL_FAST_MATH = YES;
				SDKROOT = iphoneos;
				SWIFT_COMPILATION_MODE = wholemodule;
				SWIFT_OPTIMIZATION_LEVEL = "-O";
				VALIDATE_PRODUCT = YES;
			};
			name = Release;
		};
		D7BD30C2260927D3004CB6CF /* Debug */ = {
			isa = XCBuildConfiguration;
			buildSettings = {
				ASSETCATALOG_COMPILER_APPICON_NAME = AppIcon;
				ASSETCATALOG_COMPILER_GLOBAL_ACCENT_COLOR_NAME = AccentColor;
				CODE_SIGN_STYLE = Automatic;
				DEVELOPMENT_TEAM = AW7PB72PXH;
				INFOPLIST_FILE = TestGit/Application/Info.plist;
				LD_RUNPATH_SEARCH_PATHS = (
					"$(inherited)",
					"@executable_path/Frameworks",
				);
				PRODUCT_BUNDLE_IDENTIFIER = com.Unitbean.Dikan.TestGit;
				PRODUCT_NAME = "$(TARGET_NAME)";
				SWIFT_VERSION = 5.0;
				TARGETED_DEVICE_FAMILY = "1,2";
			};
			name = Debug;
		};
		D7BD30C3260927D3004CB6CF /* Release */ = {
			isa = XCBuildConfiguration;
			buildSettings = {
				ASSETCATALOG_COMPILER_APPICON_NAME = AppIcon;
				ASSETCATALOG_COMPILER_GLOBAL_ACCENT_COLOR_NAME = AccentColor;
				CODE_SIGN_STYLE = Automatic;
				DEVELOPMENT_TEAM = AW7PB72PXH;
				INFOPLIST_FILE = TestGit/Application/Info.plist;
				LD_RUNPATH_SEARCH_PATHS = (
					"$(inherited)",
					"@executable_path/Frameworks",
				);
				PRODUCT_BUNDLE_IDENTIFIER = com.Unitbean.Dikan.TestGit;
				PRODUCT_NAME = "$(TARGET_NAME)";
				SWIFT_VERSION = 5.0;
				TARGETED_DEVICE_FAMILY = "1,2";
			};
			name = Release;
		};
/* End XCBuildConfiguration section */

/* Begin XCConfigurationList section */
		D7BD30A8260927D1004CB6CF /* Build configuration list for PBXProject "TestGit" */ = {
			isa = XCConfigurationList;
			buildConfigurations = (
				D7BD30BF260927D3004CB6CF /* Debug */,
				D7BD30C0260927D3004CB6CF /* Release */,
			);
			defaultConfigurationIsVisible = 0;
			defaultConfigurationName = Release;
		};
		D7BD30C1260927D3004CB6CF /* Build configuration list for PBXNativeTarget "TestGit" */ = {
			isa = XCConfigurationList;
			buildConfigurations = (
				D7BD30C2260927D3004CB6CF /* Debug */,
				D7BD30C3260927D3004CB6CF /* Release */,
			);
			defaultConfigurationIsVisible = 0;
			defaultConfigurationName = Release;
		};
/* End XCConfigurationList section */
	};
	rootObject = D7BD30A5260927D1004CB6CF /* Project object */;
}
